
Microsoft Visual Studio Solution File, Format Version 12.00
# Visual Studio 2012
Project("{F184B08F-C81C-45F6-A57F-5ABD9991F28F}") = "优化小工具", "优化小工具\优化小工具.vbproj", "{989D27E0-0EEC-47CA-9F8D-0E89CF4E2ACE}"
EndProject
Global
	GlobalSection(SolutionConfigurationPlatforms) = preSolution
		Debug|Any CPU = Debug|Any CPU
		Debug|x64 = Debug|x64
		Debug|x86 = Debug|x86
		Release|Any CPU = Release|Any CPU
		Release|x64 = Release|x64
		Release|x86 = Release|x86
	EndGlobalSection
	GlobalSection(ProjectConfigurationPlatforms) = postSolution
		{989D27E0-0EEC-47CA-9F8D-0E89CF4E2ACE}.Debug|Any CPU.ActiveCfg = Debug|Any CPU
		{989D27E0-0EEC-47CA-9F8D-0E89CF4E2ACE}.Debug|Any CPU.Build.0 = Debug|Any CPU
		{989D27E0-0EEC-47CA-9F8D-0E89CF4E2ACE}.Debug|x64.ActiveCfg = Debug|x64
		{989D27E0-0EEC-47CA-9F8D-0E89CF4E2ACE}.Debug|x64.Build.0 = Debug|x64
		{989D27E0-0EEC-47CA-9F8D-0E89CF4E2ACE}.Debug|x86.ActiveCfg = Debug|x64
		{989D27E0-0EEC-47CA-9F8D-0E89CF4E2ACE}.Debug|x86.Build.0 = Debug|x64
		{989D27E0-0EEC-47CA-9F8D-0E89CF4E2ACE}.Release|Any CPU.ActiveCfg = Debug|Any CPU
		{989D27E0-0EEC-47CA-9F8D-0E89CF4E2ACE}.Release|Any CPU.Build.0 = Debug|Any CPU
		{989D27E0-0EEC-47CA-9F8D-0E89CF4E2ACE}.Release|x64.ActiveCfg = Debug|Any CPU
		{989D27E0-0EEC-47CA-9F8D-0E89CF4E2ACE}.Release|x64.Build.0 = Debug|Any CPU
		{989D27E0-0EEC-47CA-9F8D-0E89CF4E2ACE}.Release|x86.ActiveCfg = Debug|Any CPU
		{989D27E0-0EEC-47CA-9F8D-0E89CF4E2ACE}.Release|x86.Build.0 = Debug|Any CPU
	EndGlobalSection
	GlobalSection(SolutionProperties) = preSolution
		HideSolutionNode = FALSE
	EndGlobalSection
EndGlobal
